
Microsoft Visual Studio Solution File, Format Version 12.00
# Visual Studio 15
VisualStudioVersion = 15.0.26403.7
MinimumVisualStudioVersion = 10.0.40219.1
Project("{FAE04EC0-301F-11D3-BF4B-00C04F79EFBC}") = "Dayboi_Web", "Dayboi_Web\Dayboi_Web.csproj", "{FB5683DE-9D67-45C8-B2DB-C414A09D935A}"
EndProject
Project("{FAE04EC0-301F-11D3-BF4B-00C04F79EFBC}") = "Dayboi_Infrastructure", "Dayboi_Infrastructure\Dayboi_Infrastructure.csproj", "{0180F1A2-AB81-4860-AD31-1F71DD995234}"
EndProject
Project("{FAE04EC0-301F-11D3-BF4B-00C04F79EFBC}") = "Dayboi_Service", "Dayboi_Service\Dayboi_Service.csproj", "{45203D3E-F1C9-4FF2-AA3C-CC19CFAEBD10}"
EndProject
Global
	GlobalSection(SolutionConfigurationPlatforms) = preSolution
		Debug|Any CPU = Debug|Any CPU
		Release|Any CPU = Release|Any CPU
	EndGlobalSection
	GlobalSection(ProjectConfigurationPlatforms) = postSolution
		{FB5683DE-9D67-45C8-B2DB-C414A09D935A}.Debug|Any CPU.ActiveCfg = Debug|Any CPU
		{FB5683DE-9D67-45C8-B2DB-C414A09D935A}.Debug|Any CPU.Build.0 = Debug|Any CPU
		{FB5683DE-9D67-45C8-B2DB-C414A09D935A}.Release|Any CPU.ActiveCfg = Release|Any CPU
		{FB5683DE-9D67-45C8-B2DB-C414A09D935A}.Release|Any CPU.Build.0 = Release|Any CPU
		{0180F1A2-AB81-4860-AD31-1F71DD995234}.Debug|Any CPU.ActiveCfg = Debug|Any CPU
		{0180F1A2-AB81-4860-AD31-1F71DD995234}.Debug|Any CPU.Build.0 = Debug|Any CPU
		{0180F1A2-AB81-4860-AD31-1F71DD995234}.Release|Any CPU.ActiveCfg = Release|Any CPU
		{0180F1A2-AB81-4860-AD31-1F71DD995234}.Release|Any CPU.Build.0 = Release|Any CPU
		{45203D3E-F1C9-4FF2-AA3C-CC19CFAEBD10}.Debug|Any CPU.ActiveCfg = Debug|Any CPU
		{45203D3E-F1C9-4FF2-AA3C-CC19CFAEBD10}.Debug|Any CPU.Build.0 = Debug|Any CPU
		{45203D3E-F1C9-4FF2-AA3C-CC19CFAEBD10}.Release|Any CPU.ActiveCfg = Release|Any CPU
		{45203D3E-F1C9-4FF2-AA3C-CC19CFAEBD10}.Release|Any CPU.Build.0 = Release|Any CPU
	EndGlobalSection
	GlobalSection(SolutionProperties) = preSolution
		HideSolutionNode = FALSE
	EndGlobalSection
EndGlobal
